// !$*UTF8*$!
{
	archiveVersion = 1;
	classes = {
	};
	objectVersion = 56;
	objects = {

/* Begin PBXBuildFile section */
		FB88F8372CC2626E00399881 /* ToDoListApp.swift in Sources */ = {isa = PBXBuildFile; fileRef = FB88F8362CC2626E00399881 /* ToDoListApp.swift */; };
		FB88F8392CC2626E00399881 /* ContentView.swift in Sources */ = {isa = PBXBuildFile; fileRef = FB88F8382CC2626E00399881 /* ContentView.swift */; };
		FB88F83B2CC2626F00399881 /* Assets.xcassets in Resources */ = {isa = PBXBuildFile; fileRef = FB88F83A2CC2626F00399881 /* Assets.xcassets */; };
		FB88F83E2CC2626F00399881 /* Preview Assets.xcassets in Resources */ = {isa = PBXBuildFile; fileRef = FB88F83D2CC2626F00399881 /* Preview Assets.xcassets */; };
		FB88F8482CC2626F00399881 /* TareasTests.swift in Sources */ = {isa = PBXBuildFile; fileRef = FB88F8472CC2626F00399881 /* TareasTests.swift */; };
		FB88F8522CC2626F00399881 /* TareasUITests.swift in Sources */ = {isa = PBXBuildFile; fileRef = FB88F8512CC2626F00399881 /* TareasUITests.swift */; };
		FB88F8542CC2626F00399881 /* TareasUITestsLaunchTests.swift in Sources */ = {isa = PBXBuildFile; fileRef = FB88F8532CC2626F00399881 /* TareasUITestsLaunchTests.swift */; };
		FB88F8612CC262BA00399881 /* NotesViewModel.swift in Sources */ = {isa = PBXBuildFile; fileRef = FB88F8602CC262BA00399881 /* NotesViewModel.swift */; };
		FB88F8632CC262C900399881 /* NoteModel.swift in Sources */ = {isa = PBXBuildFile; fileRef = FB88F8622CC262C900399881 /* NoteModel.swift */; };
/* End PBXBuildFile section */

/* Begin PBXContainerItemProxy section */
		FB88F8442CC2626F00399881 /* PBXContainerItemProxy */ = {
			isa = PBXContainerItemProxy;
			containerPortal = FB88F82B2CC2626E00399881 /* Project object */;
			proxyType = 1;
			remoteGlobalIDString = FB88F8322CC2626E00399881;
			remoteInfo = Tareas;
		};
		FB88F84E2CC2626F00399881 /* PBXContainerItemProxy */ = {
			isa = PBXContainerItemProxy;
			containerPortal = FB88F82B2CC2626E00399881 /* Project object */;
			proxyType = 1;
			remoteGlobalIDString = FB88F8322CC2626E00399881;
			remoteInfo = Tareas;
		};
/* End PBXContainerItemProxy section */

/* Begin PBXFileReference section */
		FB88F8332CC2626E00399881 /* ToDoList.app */ = {isa = PBXFileReference; explicitFileType = wrapper.application; includeInIndex = 0; path = ToDoList.app; sourceTree = BUILT_PRODUCTS_DIR; };
		FB88F8362CC2626E00399881 /* ToDoListApp.swift */ = {isa = PBXFileReference; lastKnownFileType = sourcecode.swift; path = ToDoListApp.swift; sourceTree = "<group>"; };
		FB88F8382CC2626E00399881 /* ContentView.swift */ = {isa = PBXFileReference; lastKnownFileType = sourcecode.swift; path = ContentView.swift; sourceTree = "<group>"; };
		FB88F83A2CC2626F00399881 /* Assets.xcassets */ = {isa = PBXFileReference; lastKnownFileType = folder.assetcatalog; path = Assets.xcassets; sourceTree = "<group>"; };
		FB88F83D2CC2626F00399881 /* Preview Assets.xcassets */ = {isa = PBXFileReference; lastKnownFileType = folder.assetcatalog; path = "Preview Assets.xcassets"; sourceTree = "<group>"; };
		FB88F8432CC2626F00399881 /* ToDoListTests.xctest */ = {isa = PBXFileReference; explicitFileType = wrapper.cfbundle; includeInIndex = 0; path = ToDoListTests.xctest; sourceTree = BUILT_PRODUCTS_DIR; };
		FB88F8472CC2626F00399881 /* TareasTests.swift */ = {isa = PBXFileReference; lastKnownFileType = sourcecode.swift; path = TareasTests.swift; sourceTree = "<group>"; };
		FB88F84D2CC2626F00399881 /* ToDoListUITests.xctest */ = {isa = PBXFileReference; explicitFileType = wrapper.cfbundle; includeInIndex = 0; path = ToDoListUITests.xctest; sourceTree = BUILT_PRODUCTS_DIR; };
		FB88F8512CC2626F00399881 /* TareasUITests.swift */ = {isa = PBXFileReference; lastKnownFileType = sourcecode.swift; path = TareasUITests.swift; sourceTree = "<group>"; };
		FB88F8532CC2626F00399881 /* TareasUITestsLaunchTests.swift */ = {isa = PBXFileReference; lastKnownFileType = sourcecode.swift; path = TareasUITestsLaunchTests.swift; sourceTree = "<group>"; };
		FB88F8602CC262BA00399881 /* NotesViewModel.swift */ = {isa = PBXFileReference; lastKnownFileType = sourcecode.swift; path = NotesViewModel.swift; sourceTree = "<group>"; };
		FB88F8622CC262C900399881 /* NoteModel.swift */ = {isa = PBXFileReference; lastKnownFileType = sourcecode.swift; path = NoteModel.swift; sourceTree = "<group>"; };
/* End PBXFileReference section */

/* Begin PBXFrameworksBuildPhase section */
		FB88F8302CC2626E00399881 /* Frameworks */ = {
			isa = PBXFrameworksBuildPhase;
			buildActionMask = 2147483647;
			files = (
			);
			runOnlyForDeploymentPostprocessing = 0;
		};
		FB88F8402CC2626F00399881 /* Frameworks */ = {
			isa = PBXFrameworksBuildPhase;
			buildActionMask = 2147483647;
			files = (
			);
			runOnlyForDeploymentPostprocessing = 0;
		};
		FB88F84A2CC2626F00399881 /* Frameworks */ = {
			isa = PBXFrameworksBuildPhase;
			buildActionMask = 2147483647;
			files = (
			);
			runOnlyForDeploymentPostprocessing = 0;
		};
/* End PBXFrameworksBuildPhase section */

/* Begin PBXGroup section */
		FB88F82A2CC2626E00399881 = {
			isa = PBXGroup;
			children = (
				FB88F8352CC2626E00399881 /* ToDoList */,
				FB88F8462CC2626F00399881 /* TareasTests */,
				FB88F8502CC2626F00399881 /* TareasUITests */,
				FB88F8342CC2626E00399881 /* Products */,
			);
			sourceTree = "<group>";
		};
		FB88F8342CC2626E00399881 /* Products */ = {
			isa = PBXGroup;
			children = (
				FB88F8332CC2626E00399881 /* ToDoList.app */,
				FB88F8432CC2626F00399881 /* ToDoListTests.xctest */,
				FB88F84D2CC2626F00399881 /* ToDoListUITests.xctest */,
			);
			name = Products;
			sourceTree = "<group>";
		};
		FB88F8352CC2626E00399881 /* ToDoList */ = {
			isa = PBXGroup;
			children = (
				FB88F8362CC2626E00399881 /* ToDoListApp.swift */,
				FB88F8382CC2626E00399881 /* ContentView.swift */,
				FB88F8622CC262C900399881 /* NoteModel.swift */,
				FB88F8602CC262BA00399881 /* NotesViewModel.swift */,
				FB88F83A2CC2626F00399881 /* Assets.xcassets */,
				FB88F83C2CC2626F00399881 /* Preview Content */,
			);
			path = ToDoList;
			sourceTree = "<group>";
		};
		FB88F83C2CC2626F00399881 /* Preview Content */ = {
			isa = PBXGroup;
			children = (
				FB88F83D2CC2626F00399881 /* Preview Assets.xcassets */,
			);
			path = "Preview Content";
			sourceTree = "<group>";
		};
		FB88F8462CC2626F00399881 /* TareasTests */ = {
			isa = PBXGroup;
			children = (
				FB88F8472CC2626F00399881 /* TareasTests.swift */,
			);
			path = TareasTests;
			sourceTree = "<group>";
		};
		FB88F8502CC2626F00399881 /* TareasUITests */ = {
			isa = PBXGroup;
			children = (
				FB88F8512CC2626F00399881 /* TareasUITests.swift */,
				FB88F8532CC2626F00399881 /* TareasUITestsLaunchTests.swift */,
			);
			path = TareasUITests;
			sourceTree = "<group>";
		};
/* End PBXGroup section */

/* Begin PBXNativeTarget section */
		FB88F8322CC2626E00399881 /* ToDoList */ = {
			isa = PBXNativeTarget;
			buildConfigurationList = FB88F8572CC2626F00399881 /* Build configuration list for PBXNativeTarget "ToDoList" */;
			buildPhases = (
				FB88F82F2CC2626E00399881 /* Sources */,
				FB88F8302CC2626E00399881 /* Frameworks */,
				FB88F8312CC2626E00399881 /* Resources */,
			);
			buildRules = (
			);
			dependencies = (
			);
			name = ToDoList;
			productName = Tareas;
			productReference = FB88F8332CC2626E00399881 /* ToDoList.app */;
			productType = "com.apple.product-type.application";
		};
		FB88F8422CC2626F00399881 /* ToDoListTests */ = {
			isa = PBXNativeTarget;
			buildConfigurationList = FB88F85A2CC2626F00399881 /* Build configuration list for PBXNativeTarget "ToDoListTests" */;
			buildPhases = (
				FB88F83F2CC2626F00399881 /* Sources */,
				FB88F8402CC2626F00399881 /* Frameworks */,
				FB88F8412CC2626F00399881 /* Resources */,
			);
			buildRules = (
			);
			dependencies = (
				FB88F8452CC2626F00399881 /* PBXTargetDependency */,
			);
			name = ToDoListTests;
			productName = TareasTests;
			productReference = FB88F8432CC2626F00399881 /* ToDoListTests.xctest */;
			productType = "com.apple.product-type.bundle.unit-test";
		};
		FB88F84C2CC2626F00399881 /* ToDoListUITests */ = {
			isa = PBXNativeTarget;
			buildConfigurationList = FB88F85D2CC2626F00399881 /* Build configuration list for PBXNativeTarget "ToDoListUITests" */;
			buildPhases = (
				FB88F8492CC2626F00399881 /* Sources */,
				FB88F84A2CC2626F00399881 /* Frameworks */,
				FB88F84B2CC2626F00399881 /* Resources */,
			);
			buildRules = (
			);
			dependencies = (
				FB88F84F2CC2626F00399881 /* PBXTargetDependency */,
			);
			name = ToDoListUITests;
			productName = TareasUITests;
			productReference = FB88F84D2CC2626F00399881 /* ToDoListUITests.xctest */;
			productType = "com.apple.product-type.bundle.ui-testing";
		};
/* End PBXNativeTarget section */

/* Begin PBXProject section */
		FB88F82B2CC2626E00399881 /* Project object */ = {
			isa = PBXProject;
			attributes = {
				BuildIndependentTargetsInParallel = 1;
				LastSwiftUpdateCheck = 1430;
				LastUpgradeCheck = 1430;
				TargetAttributes = {
					FB88F8322CC2626E00399881 = {
						CreatedOnToolsVersion = 14.3.1;
					};
					FB88F8422CC2626F00399881 = {
						CreatedOnToolsVersion = 14.3.1;
						TestTargetID = FB88F8322CC2626E00399881;
					};
					FB88F84C2CC2626F00399881 = {
						CreatedOnToolsVersion = 14.3.1;
						TestTargetID = FB88F8322CC2626E00399881;
					};
				};
			};
			buildConfigurationList = FB88F82E2CC2626E00399881 /* Build configuration list for PBXProject "ToDoList" */;
			compatibilityVersion = "Xcode 14.0";
			developmentRegion = en;
			hasScannedForEncodings = 0;
			knownRegions = (
				en,
				Base,
			);
			mainGroup = FB88F82A2CC2626E00399881;
			productRefGroup = FB88F8342CC2626E00399881 /* Products */;
			projectDirPath = "";
			projectRoot = "";
			targets = (
				FB88F8322CC2626E00399881 /* ToDoList */,
				FB88F8422CC2626F00399881 /* ToDoListTests */,
				FB88F84C2CC2626F00399881 /* ToDoListUITests */,
			);
		};
/* End PBXProject section */

/* Begin PBXResourcesBuildPhase section */
		FB88F8312CC2626E00399881 /* Resources */ = {
			isa = PBXResourcesBuildPhase;
			buildActionMask = 2147483647;
			files = (
				FB88F83E2CC2626F00399881 /* Preview Assets.xcassets in Resources */,
				FB88F83B2CC2626F00399881 /* Assets.xcassets in Resources */,
			);
			runOnlyForDeploymentPostprocessing = 0;
		};
		FB88F8412CC2626F00399881 /* Resources */ = {
			isa = PBXResourcesBuildPhase;
			buildActionMask = 2147483647;
			files = (
			);
			runOnlyForDeploymentPostprocessing = 0;
		};
		FB88F84B2CC2626F00399881 /* Resources */ = {
			isa = PBXResourcesBuildPhase;
			buildActionMask = 2147483647;
			files = (
			);
			runOnlyForDeploymentPostprocessing = 0;
		};
/* End PBXResourcesBuildPhase section */

/* Begin PBXSourcesBuildPhase section */
		FB88F82F2CC2626E00399881 /* Sources */ = {
			isa = PBXSourcesBuildPhase;
			buildActionMask = 2147483647;
			files = (
				FB88F8392CC2626E00399881 /* ContentView.swift in Sources */,
				FB88F8632CC262C900399881 /* NoteModel.swift in Sources */,
				FB88F8372CC2626E00399881 /* ToDoListApp.swift in Sources */,
				FB88F8612CC262BA00399881 /* NotesViewModel.swift in Sources */,
			);
			runOnlyForDeploymentPostprocessing = 0;
		};
		FB88F83F2CC2626F00399881 /* Sources */ = {
			isa = PBXSourcesBuildPhase;
			buildActionMask = 2147483647;
			files = (
				FB88F8482CC2626F00399881 /* TareasTests.swift in Sources */,
			);
			runOnlyForDeploymentPostprocessing = 0;
		};
		FB88F8492CC2626F00399881 /* Sources */ = {
			isa = PBXSourcesBuildPhase;
			buildActionMask = 2147483647;
			files = (
				FB88F8542CC2626F00399881 /* TareasUITestsLaunchTests.swift in Sources */,
				FB88F8522CC2626F00399881 /* TareasUITests.swift in Sources */,
			);
			runOnlyForDeploymentPostprocessing = 0;
		};
/* End PBXSourcesBuildPhase section */

/* Begin PBXTargetDependency section */
		FB88F8452CC2626F00399881 /* PBXTargetDependency */ = {
			isa = PBXTargetDependency;
			target = FB88F8322CC2626E00399881 /* ToDoList */;
			targetProxy = FB88F8442CC2626F00399881 /* PBXContainerItemProxy */;
		};
		FB88F84F2CC2626F00399881 /* PBXTargetDependency */ = {
			isa = PBXTargetDependency;
			target = FB88F8322CC2626E00399881 /* ToDoList */;
			targetProxy = FB88F84E2CC2626F00399881 /* PBXContainerItemProxy */;
		};
/* End PBXTargetDependency section */

/* Begin XCBuildConfiguration section */
		FB88F8552CC2626F00399881 /* Debug */ = {
			isa = XCBuildConfiguration;
			buildSettings = {
				ALWAYS_SEARCH_USER_PATHS = NO;
				CLANG_ANALYZER_NONNULL = YES;
				CLANG_ANALYZER_NUMBER_OBJECT_CONVERSION = YES_AGGRESSIVE;
				CLANG_CXX_LANGUAGE_STANDARD = "gnu++20";
				CLANG_ENABLE_MODULES = YES;
				CLANG_ENABLE_OBJC_ARC = YES;
				CLANG_ENABLE_OBJC_WEAK = YES;
				CLANG_WARN_BLOCK_CAPTURE_AUTORELEASING = YES;
				CLANG_WARN_BOOL_CONVERSION = YES;
				CLANG_WARN_COMMA = YES;
				CLANG_WARN_CONSTANT_CONVERSION = YES;
				CLANG_WARN_DEPRECATED_OBJC_IMPLEMENTATIONS = YES;
				CLANG_WARN_DIRECT_OBJC_ISA_USAGE = YES_ERROR;
				CLANG_WARN_DOCUMENTATION_COMMENTS = YES;
				CLANG_WARN_EMPTY_BODY = YES;
				CLANG_WARN_ENUM_CONVERSION = YES;
				CLANG_WARN_INFINITE_RECURSION = YES;
				CLANG_WARN_INT_CONVERSION = YES;
				CLANG_WARN_NON_LITERAL_NULL_CONVERSION = YES;
				CLANG_WARN_OBJC_IMPLICIT_RETAIN_SELF = YES;
				CLANG_WARN_OBJC_LITERAL_CONVERSION = YES;
				CLANG_WARN_OBJC_ROOT_CLASS = YES_ERROR;
				CLANG_WARN_QUOTED_INCLUDE_IN_FRAMEWORK_HEADER = YES;
				CLANG_WARN_RANGE_LOOP_ANALYSIS = YES;
				CLANG_WARN_STRICT_PROTOTYPES = YES;
				CLANG_WARN_SUSPICIOUS_MOVE = YES;
				CLANG_WARN_UNGUARDED_AVAILABILITY = YES_AGGRESSIVE;
				CLANG_WARN_UNREACHABLE_CODE = YES;
				CLANG_WARN__DUPLICATE_METHOD_MATCH = YES;
				COPY_PHASE_STRIP = NO;
				DEBUG_INFORMATION_FORMAT = dwarf;
				ENABLE_STRICT_OBJC_MSGSEND = YES;
				ENABLE_TESTABILITY = YES;
				GCC_C_LANGUAGE_STANDARD = gnu11;
				GCC_DYNAMIC_NO_PIC = NO;
				GCC_NO_COMMON_BLOCKS = YES;
				GCC_OPTIMIZATION_LEVEL = 0;
				GCC_PREPROCESSOR_DEFINITIONS = (
					"DEBUG=1",
					"$(inherited)",
				);
				GCC_WARN_64_TO_32_BIT_CONVERSION = YES;
				GCC_WARN_ABOUT_RETURN_TYPE = YES_ERROR;
				GCC_WARN_UNDECLARED_SELECTOR = YES;
				GCC_WARN_UNINITIALIZED_AUTOS = YES_AGGRESSIVE;
				GCC_WARN_UNUSED_FUNCTION = YES;
				GCC_WARN_UNUSED_VARIABLE = YES;
				IPHONEOS_DEPLOYMENT_TARGET = 16.4;
				MTL_ENABLE_DEBUG_INFO = INCLUDE_SOURCE;
				MTL_FAST_MATH = YES;
				ONLY_ACTIVE_ARCH = YES;
				SDKROOT = iphoneos;
				SWIFT_ACTIVE_COMPILATION_CONDITIONS = DEBUG;
				SWIFT_OPTIMIZATION_LEVEL = "-Onone";
			};
			name = Debug;
		};
		FB88F8562CC2626F00399881 /* Release */ = {
			isa = XCBuildConfiguration;
			buildSettings = {
				ALWAYS_SEARCH_USER_PATHS = NO;
				CLANG_ANALYZER_NONNULL = YES;
				CLANG_ANALYZER_NUMBER_OBJECT_CONVERSION = YES_AGGRESSIVE;
				CLANG_CXX_LANGUAGE_STANDARD = "gnu++20";
				CLANG_ENABLE_MODULES = YES;
				CLANG_ENABLE_OBJC_ARC = YES;
				CLANG_ENABLE_OBJC_WEAK = YES;
				CLANG_WARN_BLOCK_CAPTURE_AUTORELEASING = YES;
				CLANG_WARN_BOOL_CONVERSION = YES;
				CLANG_WARN_COMMA = YES;
				CLANG_WARN_CONSTANT_CONVERSION = YES;
				CLANG_WARN_DEPRECATED_OBJC_IMPLEMENTATIONS = YES;
				CLANG_WARN_DIRECT_OBJC_ISA_USAGE = YES_ERROR;
				CLANG_WARN_DOCUMENTATION_COMMENTS = YES;
				CLANG_WARN_EMPTY_BODY = YES;
				CLANG_WARN_ENUM_CONVERSION = YES;
				CLANG_WARN_INFINITE_RECURSION = YES;
				CLANG_WARN_INT_CONVERSION = YES;
				CLANG_WARN_NON_LITERAL_NULL_CONVERSION = YES;
				CLANG_WARN_OBJC_IMPLICIT_RETAIN_SELF = YES;
				CLANG_WARN_OBJC_LITERAL_CONVERSION = YES;
				CLANG_WARN_OBJC_ROOT_CLASS = YES_ERROR;
				CLANG_WARN_QUOTED_INCLUDE_IN_FRAMEWORK_HEADER = YES;
				CLANG_WARN_RANGE_LOOP_ANALYSIS = YES;
				CLANG_WARN_STRICT_PROTOTYPES = YES;
				CLANG_WARN_SUSPICIOUS_MOVE = YES;
				CLANG_WARN_UNGUARDED_AVAILABILITY = YES_AGGRESSIVE;
				CLANG_WARN_UNREACHABLE_CODE = YES;
				CLANG_WARN__DUPLICATE_METHOD_MATCH = YES;
				COPY_PHASE_STRIP = NO;
				DEBUG_INFORMATION_FORMAT = "dwarf-with-dsym";
				ENABLE_NS_ASSERTIONS = NO;
				ENABLE_STRICT_OBJC_MSGSEND = YES;
				GCC_C_LANGUAGE_STANDARD = gnu11;
				GCC_NO_COMMON_BLOCKS = YES;
				GCC_WARN_64_TO_32_BIT_CONVERSION = YES;
				GCC_WARN_ABOUT_RETURN_TYPE = YES_ERROR;
				GCC_WARN_UNDECLARED_SELECTOR = YES;
				GCC_WARN_UNINITIALIZED_AUTOS = YES_AGGRESSIVE;
				GCC_WARN_UNUSED_FUNCTION = YES;
				GCC_WARN_UNUSED_VARIABLE = YES;
				IPHONEOS_DEPLOYMENT_TARGET = 16.4;
				MTL_ENABLE_DEBUG_INFO = NO;
				MTL_FAST_MATH = YES;
				SDKROOT = iphoneos;
				SWIFT_COMPILATION_MODE = wholemodule;
				SWIFT_OPTIMIZATION_LEVEL = "-O";
				VALIDATE_PRODUCT = YES;
			};
			name = Release;
		};
		FB88F8582CC2626F00399881 /* Debug */ = {
			isa = XCBuildConfiguration;
			buildSettings = {
				ASSETCATALOG_COMPILER_APPICON_NAME = AppIcon;
				ASSETCATALOG_COMPILER_GLOBAL_ACCENT_COLOR_NAME = AccentColor;
				CODE_SIGN_STYLE = Automatic;
				CURRENT_PROJECT_VERSION = 1;
				DEVELOPMENT_ASSET_PATHS = "\"Tareas/Preview Content\"";
				ENABLE_PREVIEWS = YES;
				GENERATE_INFOPLIST_FILE = YES;
				INFOPLIST_KEY_UIApplicationSceneManifest_Generation = YES;
				INFOPLIST_KEY_UIApplicationSupportsIndirectInputEvents = YES;
				INFOPLIST_KEY_UILaunchScreen_Generation = YES;
				INFOPLIST_KEY_UISupportedInterfaceOrientations_iPad = "UIInterfaceOrientationPortrait UIInterfaceOrientationPortraitUpsideDown UIInterfaceOrientationLandscapeLeft UIInterfaceOrientationLandscapeRight";
				INFOPLIST_KEY_UISupportedInterfaceOrientations_iPhone = "UIInterfaceOrientationPortrait UIInterfaceOrientationLandscapeLeft UIInterfaceOrientationLandscapeRight";
				LD_RUNPATH_SEARCH_PATHS = (
					"$(inherited)",
					"@executable_path/Frameworks",
				);
				MARKETING_VERSION = 1.0;
				PRODUCT_BUNDLE_IDENTIFIER = afaf.Tareas;
				PRODUCT_NAME = "$(TARGET_NAME)";
				SWIFT_EMIT_LOC_STRINGS = YES;
				SWIFT_VERSION = 5.0;
				TARGETED_DEVICE_FAMILY = "1,2";
			};
			name = Debug;
		};
		FB88F8592CC2626F00399881 /* Release */ = {
			isa = XCBuildConfiguration;
			buildSettings = {
				ASSETCATALOG_COMPILER_APPICON_NAME = AppIcon;
				ASSETCATALOG_COMPILER_GLOBAL_ACCENT_COLOR_NAME = AccentColor;
				CODE_SIGN_STYLE = Automatic;
				CURRENT_PROJECT_VERSION = 1;
				DEVELOPMENT_ASSET_PATHS = "\"Tareas/Preview Content\"";
				ENABLE_PREVIEWS = YES;
				GENERATE_INFOPLIST_FILE = YES;
				INFOPLIST_KEY_UIApplicationSceneManifest_Generation = YES;
				INFOPLIST_KEY_UIApplicationSupportsIndirectInputEvents = YES;
				INFOPLIST_KEY_UILaunchScreen_Generation = YES;
				INFOPLIST_KEY_UISupportedInterfaceOrientations_iPad = "UIInterfaceOrientationPortrait UIInterfaceOrientationPortraitUpsideDown UIInterfaceOrientationLandscapeLeft UIInterfaceOrientationLandscapeRight";
				INFOPLIST_KEY_UISupportedInterfaceOrientations_iPhone = "UIInterfaceOrientationPortrait UIInterfaceOrientationLandscapeLeft UIInterfaceOrientationLandscapeRight";
				LD_RUNPATH_SEARCH_PATHS = (
					"$(inherited)",
					"@executable_path/Frameworks",
				);
				MARKETING_VERSION = 1.0;
				PRODUCT_BUNDLE_IDENTIFIER = afaf.Tareas;
				PRODUCT_NAME = "$(TARGET_NAME)";
				SWIFT_EMIT_LOC_STRINGS = YES;
				SWIFT_VERSION = 5.0;
				TARGETED_DEVICE_FAMILY = "1,2";
			};
			name = Release;
		};
		FB88F85B2CC2626F00399881 /* Debug */ = {
			isa = XCBuildConfiguration;
			buildSettings = {
				ALWAYS_EMBED_SWIFT_STANDARD_LIBRARIES = YES;
				BUNDLE_LOADER = "$(TEST_HOST)";
				CODE_SIGN_STYLE = Automatic;
				CURRENT_PROJECT_VERSION = 1;
				GENERATE_INFOPLIST_FILE = YES;
				IPHONEOS_DEPLOYMENT_TARGET = 16.4;
				MARKETING_VERSION = 1.0;
				PRODUCT_BUNDLE_IDENTIFIER = afaf.TareasTests;
				PRODUCT_NAME = "$(TARGET_NAME)";
				SWIFT_EMIT_LOC_STRINGS = NO;
				SWIFT_VERSION = 5.0;
				TARGETED_DEVICE_FAMILY = "1,2";
				TEST_HOST = "$(BUILT_PRODUCTS_DIR)/ToDoList.app/$(BUNDLE_EXECUTABLE_FOLDER_PATH)/ToDoList";
			};
			name = Debug;
		};
		FB88F85C2CC2626F00399881 /* Release */ = {
			isa = XCBuildConfiguration;
			buildSettings = {
				ALWAYS_EMBED_SWIFT_STANDARD_LIBRARIES = YES;
				BUNDLE_LOADER = "$(TEST_HOST)";
				CODE_SIGN_STYLE = Automatic;
				CURRENT_PROJECT_VERSION = 1;
				GENERATE_INFOPLIST_FILE = YES;
				IPHONEOS_DEPLOYMENT_TARGET = 16.4;
				MARKETING_VERSION = 1.0;
				PRODUCT_BUNDLE_IDENTIFIER = afaf.TareasTests;
				PRODUCT_NAME = "$(TARGET_NAME)";
				SWIFT_EMIT_LOC_STRINGS = NO;
				SWIFT_VERSION = 5.0;
				TARGETED_DEVICE_FAMILY = "1,2";
				TEST_HOST = "$(BUILT_PRODUCTS_DIR)/ToDoList.app/$(BUNDLE_EXECUTABLE_FOLDER_PATH)/ToDoList";
			};
			name = Release;
		};
		FB88F85E2CC2626F00399881 /* Debug */ = {
			isa = XCBuildConfiguration;
			buildSettings = {
				ALWAYS_EMBED_SWIFT_STANDARD_LIBRARIES = YES;
				CODE_SIGN_STYLE = Automatic;
				CURRENT_PROJECT_VERSION = 1;
				GENERATE_INFOPLIST_FILE = YES;
				MARKETING_VERSION = 1.0;
				PRODUCT_BUNDLE_IDENTIFIER = afaf.TareasUITests;
				PRODUCT_NAME = "$(TARGET_NAME)";
				SWIFT_EMIT_LOC_STRINGS = NO;
				SWIFT_VERSION = 5.0;
				TARGETED_DEVICE_FAMILY = "1,2";
				TEST_TARGET_NAME = Tareas;
			};
			name = Debug;
		};
		FB88F85F2CC2626F00399881 /* Release */ = {
			isa = XCBuildConfiguration;
			buildSettings = {
				ALWAYS_EMBED_SWIFT_STANDARD_LIBRARIES = YES;
				CODE_SIGN_STYLE = Automatic;
				CURRENT_PROJECT_VERSION = 1;
				GENERATE_INFOPLIST_FILE = YES;
				MARKETING_VERSION = 1.0;
				PRODUCT_BUNDLE_IDENTIFIER = afaf.TareasUITests;
				PRODUCT_NAME = "$(TARGET_NAME)";
				SWIFT_EMIT_LOC_STRINGS = NO;
				SWIFT_VERSION = 5.0;
				TARGETED_DEVICE_FAMILY = "1,2";
				TEST_TARGET_NAME = Tareas;
			};
			name = Release;
		};
/* End XCBuildConfiguration section */

/* Begin XCConfigurationList section */
		FB88F82E2CC2626E00399881 /* Build configuration list for PBXProject "ToDoList" */ = {
			isa = XCConfigurationList;
			buildConfigurations = (
				FB88F8552CC2626F00399881 /* Debug */,
				FB88F8562CC2626F00399881 /* Release */,
			);
			defaultConfigurationIsVisible = 0;
			defaultConfigurationName = Release;
		};
		FB88F8572CC2626F00399881 /* Build configuration list for PBXNativeTarget "ToDoList" */ = {
			isa = XCConfigurationList;
			buildConfigurations = (
				FB88F8582CC2626F00399881 /* Debug */,
				FB88F8592CC2626F00399881 /* Release */,
			);
			defaultConfigurationIsVisible = 0;
			defaultConfigurationName = Release;
		};
		FB88F85A2CC2626F00399881 /* Build configuration list for PBXNativeTarget "ToDoListTests" */ = {
			isa = XCConfigurationList;
			buildConfigurations = (
				FB88F85B2CC2626F00399881 /* Debug */,
				FB88F85C2CC2626F00399881 /* Release */,
			);
			defaultConfigurationIsVisible = 0;
			defaultConfigurationName = Release;
		};
		FB88F85D2CC2626F00399881 /* Build configuration list for PBXNativeTarget "ToDoListUITests" */ = {
			isa = XCConfigurationList;
			buildConfigurations = (
				FB88F85E2CC2626F00399881 /* Debug */,
				FB88F85F2CC2626F00399881 /* Release */,
			);
			defaultConfigurationIsVisible = 0;
			defaultConfigurationName = Release;
		};
/* End XCConfigurationList section */
	};
	rootObject = FB88F82B2CC2626E00399881 /* Project object */;
}
